<?xml version="1.0" encoding="utf-8"?>
<Project ToolsVersion="4.0" xmlns="http://schemas.microsoft.com/developer/msbuild/2003">
  <ItemGroup>
    <Filter Include="Source Files">
      <UniqueIdentifier>{4FC737F1-C7A5-4376-A066-2A32D752A2FF}</UniqueIdentifier>
      <Extensions>cpp;c;cc;cxx;c++;cppm;ixx;def;odl;idl;hpj;bat;asm;asmx</Extensions>
    </Filter>
    <Filter Include="Header Files">
      <UniqueIdentifier>{93995380-89BD-4b04-88EB-625FBE52EBFB}</UniqueIdentifier>
      <Extensions>h;hh;hpp;hxx;h++;hm;inl;inc;ipp;xsd</Extensions>
    </Filter>
    <Filter Include="Resource Files">
      <UniqueIdentifier>{67DA6AB6-F800-4c08-8B7A-83BB121AAD01}</UniqueIdentifier>
      <Extensions>rc;ico;cur;bmp;dlg;rc2;rct;bin;rgs;gif;jpg;jpeg;jpe;resx;tiff;tif;png;wav;mfcribbon-ms</Extensions>
    </Filter>
  </ItemGroup>
  <ItemGroup>
    <ClCompile Include="dllmain.cpp">
      <Filter>Source Files</Filter>
    </ClCompile>
    <ClCompile Include="utils\console\console.cpp">
      <Filter>Source Files</Filter>
    </ClCompile>
    <ClCompile Include="globals\csgo.cpp">
      <Filter>Source Files</Filter>
    </ClCompile>
    <ClCompile Include="utils\modules\modules.cpp">
      <Filter>Source Files</Filter>
    </ClCompile>
    <ClCompile Include="utils\utils.cpp">
      <Filter>Source Files</Filter>
    </ClCompile>
    <ClCompile Include="globals\wednesday\wednesday.cpp">
      <Filter>Source Files</Filter>
    </ClCompile>
    <ClCompile Include="utils\math\math.cpp">
      <Filter>Source Files</Filter>
    </ClCompile>
    <ClCompile Include="dependencies\minhook\src\hde\hde32.c">
      <Filter>Source Files</Filter>
    </ClCompile>
    <ClCompile Include="dependencies\minhook\src\hde\hde64.c">
      <Filter>Source Files</Filter>
    </ClCompile>
    <ClCompile Include="dependencies\minhook\src\buffer.c">
      <Filter>Source Files</Filter>
    </ClCompile>
    <ClCompile Include="dependencies\minhook\src\hook.c">
      <Filter>Source Files</Filter>
    </ClCompile>
    <ClCompile Include="dependencies\minhook\src\trampoline.c">
      <Filter>Source Files</Filter>
    </ClCompile>
    <ClCompile Include="globals\interfaces\interfaces.cpp">
      <Filter>Source Files</Filter>
    </ClCompile>
    <ClCompile Include="globals\hooks\end_scene\end_scene.cpp">
      <Filter>Source Files</Filter>
    </ClCompile>
    <ClCompile Include="globals\hooks\hooking.cpp">
      <Filter>Source Files</Filter>
    </ClCompile>
    <ClCompile Include="utils\keybinds\keybinds.cpp">
      <Filter>Source Files</Filter>
    </ClCompile>
    <ClCompile Include="globals\hooks\wndproc\wndproc.cpp">
      <Filter>Source Files</Filter>
    </ClCompile>
    <ClCompile Include="globals\hooks\create_move\create_move.cpp">
      <Filter>Source Files</Filter>
    </ClCompile>
    <ClCompile Include="utils\renderer\renderer.cpp">
      <Filter>Source Files</Filter>
    </ClCompile>
    <ClCompile Include="hacks\gui\window\window.cpp">
      <Filter>Source Files</Filter>
    </ClCompile>
    <ClCompile Include="hacks\gui\cfg\cfg.cpp">
      <Filter>Source Files</Filter>
    </ClCompile>
    <ClCompile Include="dependencies\checksum\checksum.cpp">
      <Filter>Source Files</Filter>
    </ClCompile>
    <ClCompile Include="utils\entity_list\entity_list.cpp">
      <Filter>Source Files</Filter>
    </ClCompile>
    <ClCompile Include="hacks\prediction\prediction.cpp">
      <Filter>Source Files</Filter>
    </ClCompile>
    <ClCompile Include="hacks\gui\gui.cpp">
      <Filter>Source Files</Filter>
    </ClCompile>
    <ClCompile Include="hacks\gui\gui_ctx\gui_ctx.cpp">
      <Filter>Source Files</Filter>
    </ClCompile>
    <ClCompile Include="utils\netvar\netvar.cpp">
      <Filter>Source Files</Filter>
    </ClCompile>
    <ClCompile Include="globals\hooks\cl_move\cl_move.cpp">
      <Filter>Source Files</Filter>
    </ClCompile>
    <ClCompile Include="hacks\features\movement\movement.cpp">
      <Filter>Source Files</Filter>
    </ClCompile>
    <ClCompile Include="globals\hooks\item_post_frame\item_post_frame.cpp">
      <Filter>Source Files</Filter>
    </ClCompile>
    <ClCompile Include="globals\hooks\emit_sound\emit_sound.cpp">
      <Filter>Source Files</Filter>
    </ClCompile>
    <ClCompile Include="hacks\logging\logging.cpp">
      <Filter>Source Files</Filter>
    </ClCompile>
    <ClCompile Include="globals\hooks\paint_traverse\paint_traverse.cpp">
      <Filter>Source Files</Filter>
    </ClCompile>
    <ClCompile Include="globals\ctx\ctx.cpp">
      <Filter>Source Files</Filter>
    </ClCompile>
    <ClCompile Include="hacks\features\lagcomp\lagcomp.cpp">
      <Filter>Source Files</Filter>
    </ClCompile>
    <ClCompile Include="hacks\features\aimbot\aimbot.cpp">
      <Filter>Source Files</Filter>
    </ClCompile>
    <ClCompile Include="globals\hooks\glow_effect_spectator\glow_effect_spectator.cpp">
      <Filter>Source Files</Filter>
    </ClCompile>
    <ClCompile Include="globals\hooks\frame_stage_notify\frame_stage_notify.cpp">
      <Filter>Source Files</Filter>
    </ClCompile>
    <ClCompile Include="game\sdk\classes\c_cs_player.cpp">
      <Filter>Source Files</Filter>
    </ClCompile>
    <ClCompile Include="hacks\gui\groupbox\groupbox.cpp">
      <Filter>Source Files</Filter>
    </ClCompile>
    <ClCompile Include="hacks\gui\utils\ui_utils.cpp">
      <Filter>Source Files</Filter>
    </ClCompile>
    <ClCompile Include="hacks\features\visuals\visuals.cpp">
      <Filter>Source Files</Filter>
    </ClCompile>
    <ClCompile Include="globals\hooks\anim_fix\anim_fix.cpp">
      <Filter>Source Files</Filter>
    </ClCompile>
    <ClCompile Include="utils\particle_system\particle_system.cpp">
      <Filter>Source Files</Filter>
    </ClCompile>
    <ClCompile Include="globals\hooks\draw_model_execute\draw_model_execute.cpp">
      <Filter>Source Files</Filter>
    </ClCompile>
  </ItemGroup>
  <ItemGroup>
    <ClInclude Include="globals\includes\includes.h">
      <Filter>Header Files</Filter>
    </ClInclude>
    <ClInclude Include="game\sdk\enums\class_ids.h">
      <Filter>Header Files</Filter>
    </ClInclude>
    <ClInclude Include="game\sdk\enums\weapon_type.h">
      <Filter>Header Files</Filter>
    </ClInclude>
    <ClInclude Include="game\sdk\enums\prop_type.h">
      <Filter>Header Files</Filter>
    </ClInclude>
    <ClInclude Include="game\sdk\enums\frame_stage.h">
      <Filter>Header Files</Filter>
    </ClInclude>
    <ClInclude Include="game\sdk\enums\player_flags.h">
      <Filter>Header Files</Filter>
    </ClInclude>
    <ClInclude Include="game\sdk\enums\def_idx.h">
      <Filter>Header Files</Filter>
    </ClInclude>
    <ClInclude Include="game\sdk\enums\field_type.h">
      <Filter>Header Files</Filter>
    </ClInclude>
    <ClInclude Include="game\sdk\enums\move_type.h">
      <Filter>Header Files</Filter>
    </ClInclude>
    <ClInclude Include="game\sdk\enums\data_update_type.h">
      <Filter>Header Files</Filter>
    </ClInclude>
    <ClInclude Include="globals\macros\macros.h">
      <Filter>Header Files</Filter>
    </ClInclude>
    <ClInclude Include="dependencies\hash\hash.h">
      <Filter>Header Files</Filter>
    </ClInclude>
    <ClInclude Include="dependencies\xor\xor.h">
      <Filter>Header Files</Filter>
    </ClInclude>
    <ClInclude Include="utils\helpers\primitive_definitions\primitives.h">
      <Filter>Header Files</Filter>
    </ClInclude>
    <ClInclude Include="utils\utils.h">
      <Filter>Header Files</Filter>
    </ClInclude>
    <ClInclude Include="utils\console\console.h">
      <Filter>Header Files</Filter>
    </ClInclude>
    <ClInclude Include="dependencies\formatting\tinyformat.h">
      <Filter>Header Files</Filter>
    </ClInclude>
    <ClInclude Include="globals\csgo.h">
      <Filter>Header Files</Filter>
    </ClInclude>
    <ClInclude Include="utils\helpers\bit_flag.h">
      <Filter>Header Files</Filter>
    </ClInclude>
    <ClInclude Include="utils\modules\modules.h">
      <Filter>Header Files</Filter>
    </ClInclude>
    <ClInclude Include="globals\wednesday\wednesday.h">
      <Filter>Header Files</Filter>
    </ClInclude>
    <ClInclude Include="dependencies\lazy_importer\lazy_importer.h">
      <Filter>Header Files</Filter>
    </ClInclude>
    <ClInclude Include="dependencies\mocking_bird\mocking_bird.h">
      <Filter>Header Files</Filter>
    </ClInclude>
    <ClInclude Include="utils\console\log_level\log_level.h">
      <Filter>Header Files</Filter>
    </ClInclude>
    <ClInclude Include="utils\modules\address\address.h">
      <Filter>Header Files</Filter>
    </ClInclude>
    <ClInclude Include="utils\helpers\function_enforce\function_enforce.h">
      <Filter>Header Files</Filter>
    </ClInclude>
    <ClInclude Include="game\sdk\classes\iv_engine_client.h">
      <Filter>Header Files</Filter>
    </ClInclude>
    <ClInclude Include="utils\math\types\vector.h">
      <Filter>Header Files</Filter>
    </ClInclude>
    <ClInclude Include="utils\math\types\matrix.h">
      <Filter>Header Files</Filter>
    </ClInclude>
    <ClInclude Include="utils\math\math.h">
      <Filter>Header Files</Filter>
    </ClInclude>
    <ClInclude Include="dependencies\formatting\fmt\ranges.h">
      <Filter>Header Files</Filter>
    </ClInclude>
    <ClInclude Include="dependencies\formatting\fmt\chrono.h">
      <Filter>Header Files</Filter>
    </ClInclude>
    <ClInclude Include="dependencies\formatting\fmt\color.h">
      <Filter>Header Files</Filter>
    </ClInclude>
    <ClInclude Include="dependencies\formatting\fmt\compile.h">
      <Filter>Header Files</Filter>
    </ClInclude>
    <ClInclude Include="dependencies\formatting\fmt\core.h">
      <Filter>Header Files</Filter>
    </ClInclude>
    <ClInclude Include="dependencies\formatting\fmt\format.h">
      <Filter>Header Files</Filter>
    </ClInclude>
    <ClInclude Include="dependencies\formatting\fmt\format-inl.h">
      <Filter>Header Files</Filter>
    </ClInclude>
    <ClInclude Include="dependencies\formatting\fmt\locale.h">
      <Filter>Header Files</Filter>
    </ClInclude>
    <ClInclude Include="dependencies\formatting\fmt\os.h">
      <Filter>Header Files</Filter>
    </ClInclude>
    <ClInclude Include="dependencies\formatting\fmt\ostream.h">
      <Filter>Header Files</Filter>
    </ClInclude>
    <ClInclude Include="dependencies\formatting\fmt\posix.h">
      <Filter>Header Files</Filter>
    </ClInclude>
    <ClInclude Include="dependencies\formatting\fmt\printf.h">
      <Filter>Header Files</Filter>
    </ClInclude>
    <ClInclude Include="game\sdk\structs\player_info_t.h">
      <Filter>Header Files</Filter>
    </ClInclude>
    <ClInclude Include="game\sdk\enums\net_channel_type.h">
      <Filter>Header Files</Filter>
    </ClInclude>
    <ClInclude Include="game\sdk\classes\i_net_channel_info.h">
      <Filter>Header Files</Filter>
    </ClInclude>
    <ClInclude Include="utils\vfunc\vfunc.h">
      <Filter>Header Files</Filter>
    </ClInclude>
    <ClInclude Include="game\sdk\classes\i_global_vars.h">
      <Filter>Header Files</Filter>
    </ClInclude>
    <ClInclude Include="game\sdk\classes\i_app_system.h">
      <Filter>Header Files</Filter>
    </ClInclude>
    <ClInclude Include="game\sdk\classes\c_usercmd.h">
      <Filter>Header Files</Filter>
    </ClInclude>
    <ClInclude Include="game\sdk\structs\weapon_data_t.h">
      <Filter>Header Files</Filter>
    </ClInclude>
    <ClInclude Include="game\sdk\structs\demo_playback_parameters_t.h">
      <Filter>Header Files</Filter>
    </ClInclude>
    <ClInclude Include="game\sdk\classes\c_client_state.h">
      <Filter>Header Files</Filter>
    </ClInclude>
    <ClInclude Include="game\sdk\classes\i_handle_entity.h">
      <Filter>Header Files</Filter>
    </ClInclude>
    <ClInclude Include="game\sdk\classes\c_handle.h">
      <Filter>Header Files</Filter>
    </ClInclude>
    <ClInclude Include="game\sdk\classes\c_view_setup.h">
      <Filter>Header Files</Filter>
    </ClInclude>
    <ClInclude Include="game\sdk\classes\c_hud_chat.h">
      <Filter>Header Files</Filter>
    </ClInclude>
    <ClInclude Include="game\sdk\classes\i_prediction.h">
      <Filter>Header Files</Filter>
    </ClInclude>
    <ClInclude Include="game\sdk\classes\c_base_entity.h">
      <Filter>Header Files</Filter>
    </ClInclude>
    <ClInclude Include="game\sdk\structs\color.h">
      <Filter>Header Files</Filter>
    </ClInclude>
    <ClInclude Include="dependencies\minhook\include\MinHook.h">
      <Filter>Header Files</Filter>
    </ClInclude>
    <ClInclude Include="globals\hooks\hooking.h">
      <Filter>Header Files</Filter>
    </ClInclude>
    <ClInclude Include="dependencies\minhook\src\hde\hde32.h">
      <Filter>Header Files</Filter>
    </ClInclude>
    <ClInclude Include="dependencies\minhook\src\hde\hde64.h">
      <Filter>Header Files</Filter>
    </ClInclude>
    <ClInclude Include="dependencies\minhook\src\hde\pstdint.h">
      <Filter>Header Files</Filter>
    </ClInclude>
    <ClInclude Include="dependencies\minhook\src\hde\table32.h">
      <Filter>Header Files</Filter>
    </ClInclude>
    <ClInclude Include="dependencies\minhook\src\hde\table64.h">
      <Filter>Header Files</Filter>
    </ClInclude>
    <ClInclude Include="dependencies\minhook\src\buffer.h">
      <Filter>Header Files</Filter>
    </ClInclude>
    <ClInclude Include="dependencies\minhook\src\trampoline.h">
      <Filter>Header Files</Filter>
    </ClInclude>
    <ClInclude Include="globals\interfaces\interfaces.h">
      <Filter>Header Files</Filter>
    </ClInclude>
    <ClInclude Include="globals\hooks\end_scene\end_scene.h">
      <Filter>Header Files</Filter>
    </ClInclude>
    <ClInclude Include="utils\keybinds\keybinds.h">
      <Filter>Header Files</Filter>
    </ClInclude>
    <ClInclude Include="globals\hooks\wndproc\wndproc.h">
      <Filter>Header Files</Filter>
    </ClInclude>
    <ClInclude Include="game\sdk\classes\i_client_dll.h">
      <Filter>Header Files</Filter>
    </ClInclude>
    <ClInclude Include="game\sdk\structs\dt_common.h">
      <Filter>Header Files</Filter>
    </ClInclude>
    <ClInclude Include="game\sdk\structs\dt_recv.h">
      <Filter>Header Files</Filter>
    </ClInclude>
    <ClInclude Include="game\sdk\structs\i_client_class.h">
      <Filter>Header Files</Filter>
    </ClInclude>
    <ClInclude Include="globals\hooks\create_move\create_move.h">
      <Filter>Header Files</Filter>
    </ClInclude>
    <ClInclude Include="utils\renderer\renderer.h">
      <Filter>Header Files</Filter>
    </ClInclude>
    <ClInclude Include="hacks\gui\gui.h">
      <Filter>Header Files</Filter>
    </ClInclude>
    <ClInclude Include="hacks\gui\window\window.h">
      <Filter>Header Files</Filter>
    </ClInclude>
    <ClInclude Include="hacks\gui\includes\includes.h">
      <Filter>Header Files</Filter>
    </ClInclude>
    <ClInclude Include="hacks\gui\utils\ui_utils.h">
      <Filter>Header Files</Filter>
    </ClInclude>
    <ClInclude Include="hacks\gui\cfg\cfg.h">
      <Filter>Header Files</Filter>
    </ClInclude>
    <ClInclude Include="hacks\gui\anims\anims.h">
      <Filter>Header Files</Filter>
    </ClInclude>
    <ClInclude Include="game\sdk\structs\cnetmsg_signonstate_t.h">
      <Filter>Header Files</Filter>
    </ClInclude>
    <ClInclude Include="game\sdk\classes\c_input.h">
      <Filter>Header Files</Filter>
    </ClInclude>
    <ClInclude Include="game\sdk\classes\c_verified_cmd.h">
      <Filter>Header Files</Filter>
    </ClInclude>
    <ClInclude Include="dependencies\checksum\checksum.hpp">
      <Filter>Header Files</Filter>
    </ClInclude>
    <ClInclude Include="game\sdk\enums\buttons.h">
      <Filter>Header Files</Filter>
    </ClInclude>
    <ClInclude Include="game\sdk\classes\i_client_entity_list.h">
      <Filter>Header Files</Filter>
    </ClInclude>
    <ClInclude Include="game\sdk\classes\i_client_entity.h">
      <Filter>Header Files</Filter>
    </ClInclude>
    <ClInclude Include="utils\entity_list\entity_list.h">
      <Filter>Header Files</Filter>
    </ClInclude>
    <ClInclude Include="hacks\prediction\prediction.h">
      <Filter>Header Files</Filter>
    </ClInclude>
    <ClInclude Include="hacks\gui\gui_ctx\gui_ctx.h">
      <Filter>Header Files</Filter>
    </ClInclude>
    <ClInclude Include="utils\netvar\netvar.h">
      <Filter>Header Files</Filter>
    </ClInclude>
    <ClInclude Include="game\sdk\classes\i_client_unknown.h">
      <Filter>Header Files</Filter>
    </ClInclude>
    <ClInclude Include="game\sdk\classes\i_client_thinkable.h">
      <Filter>Header Files</Filter>
    </ClInclude>
    <ClInclude Include="game\sdk\classes\i_client_renderable.h">
      <Filter>Header Files</Filter>
    </ClInclude>
    <ClInclude Include="game\sdk\classes\i_client_networkable.h">
      <Filter>Header Files</Filter>
    </ClInclude>
    <ClInclude Include="game\sdk\enums\teams.h">
      <Filter>Header Files</Filter>
    </ClInclude>
    <ClInclude Include="game\sdk\classes\c_base_player.h">
      <Filter>Header Files</Filter>
    </ClInclude>
    <ClInclude Include="game\sdk\classes\c_cs_player.h">
      <Filter>Header Files</Filter>
    </ClInclude>
    <ClInclude Include="game\sdk\classes\c_base_animating.h">
      <Filter>Header Files</Filter>
    </ClInclude>
    <ClInclude Include="game\sdk\classes\c_base_combat_character.h">
      <Filter>Header Files</Filter>
    </ClInclude>
    <ClInclude Include="game\sdk\classes\c_base_combat_weapon.h">
      <Filter>Header Files</Filter>
    </ClInclude>
    <ClInclude Include="game\sdk\classes\i_cvar.h">
      <Filter>Header Files</Filter>
    </ClInclude>
    <ClInclude Include="dependencies\audio\peter_griffin\loaded.h">
      <Filter>Header Files</Filter>
    </ClInclude>
    <ClInclude Include="dependencies\audio\soilder\loaded.h">
      <Filter>Header Files</Filter>
    </ClInclude>
    <ClInclude Include="dependencies\audio\kyu\loaded.h">
      <Filter>Header Files</Filter>
    </ClInclude>
    <ClInclude Include="utils\convars\convars.h">
      <Filter>Header Files</Filter>
    </ClInclude>
    <ClInclude Include="game\sdk\enums\cvar_ids.h">
      <Filter>Header Files</Filter>
    </ClInclude>
    <ClInclude Include="globals\hooks\cl_move\cl_move.h">
      <Filter>Header Files</Filter>
    </ClInclude>
    <ClInclude Include="hacks\features\movement\movement.h">
      <Filter>Header Files</Filter>
    </ClInclude>
    <ClInclude Include="globals\ctx\ctx.h">
      <Filter>Header Files</Filter>
    </ClInclude>
    <ClInclude Include="globals\hooks\item_post_frame\item_post_frame.h">
      <Filter>Header Files</Filter>
    </ClInclude>
    <ClInclude Include="game\sdk\include.h">
      <Filter>Header Files</Filter>
    </ClInclude>
    <ClInclude Include="game\sdk\structs\data_map.h">
      <Filter>Header Files</Filter>
    </ClInclude>
    <ClInclude Include="game\sdk\structs\type_description.h">
      <Filter>Header Files</Filter>
    </ClInclude>
    <ClInclude Include="game\sdk\enums\td_offset.h">
      <Filter>Header Files</Filter>
    </ClInclude>
    <ClInclude Include="game\sdk\classes\i_engine_trace.h">
      <Filter>Header Files</Filter>
    </ClInclude>
    <ClInclude Include="game\sdk\enums\trace_type.h">
      <Filter>Header Files</Filter>
    </ClInclude>
    <ClInclude Include="globals\hooks\emit_sound\emit_sound.h">
      <Filter>Header Files</Filter>
    </ClInclude>
    <ClInclude Include="game\sdk\classes\i_engine_sound.h">
      <Filter>Header Files</Filter>
    </ClInclude>
    <ClInclude Include="game\datatypes\cutl.h">
      <Filter>Header Files</Filter>
    </ClInclude>
    <ClInclude Include="game\sdk\classes\i_mat_render_ctx.h">
      <Filter>Header Files</Filter>
    </ClInclude>
    <ClInclude Include="game\sdk\classes\c_studio_render.h">
      <Filter>Header Files</Filter>
    </ClInclude>
    <ClInclude Include="game\sdk\structs\studio.h">
      <Filter>Header Files</Filter>
    </ClInclude>
    <ClInclude Include="utils\math\types\quaternion.h">
      <Filter>Header Files</Filter>
    </ClInclude>
    <ClInclude Include="game\sdk\structs\i_material.h">
      <Filter>Header Files</Filter>
    </ClInclude>
    <ClInclude Include="game\sdk\enums\material_var_flags.h">
      <Filter>Header Files</Filter>
    </ClInclude>
    <ClInclude Include="game\sdk\classes\i_debug_overlay.h">
      <Filter>Header Files</Filter>
    </ClInclude>
    <ClInclude Include="game\sdk\classes\i_material_system.h">
      <Filter>Header Files</Filter>
    </ClInclude>
    <ClInclude Include="game\sdk\structs\i_texture.h">
      <Filter>Header Files</Filter>
    </ClInclude>
    <ClInclude Include="game\datatypes\keyvalues.h">
      <Filter>Header Files</Filter>
    </ClInclude>
    <ClInclude Include="game\sdk\enums\key_type.h">
      <Filter>Header Files</Filter>
    </ClInclude>
    <ClInclude Include="hacks\logging\logging.h">
      <Filter>Header Files</Filter>
    </ClInclude>
    <ClInclude Include="globals\hooks\paint_traverse\paint_traverse.h">
      <Filter>Header Files</Filter>
    </ClInclude>
    <ClInclude Include="game\sdk\classes\i_panel.h">
      <Filter>Header Files</Filter>
    </ClInclude>
    <ClInclude Include="hacks\features\lagcomp\lagcomp.h">
      <Filter>Header Files</Filter>
    </ClInclude>
    <ClInclude Include="game\sdk\enums\flow.h">
      <Filter>Header Files</Filter>
    </ClInclude>
    <ClInclude Include="hacks\features\aimbot\aimbot.h">
      <Filter>Header Files</Filter>
    </ClInclude>
    <ClInclude Include="globals\hooks\glow_effect_spectator\glow_effect_spectator.h">
      <Filter>Header Files</Filter>
    </ClInclude>
    <ClInclude Include="game\sdk\enums\glow_style.h">
      <Filter>Header Files</Filter>
    </ClInclude>
    <ClInclude Include="globals\hooks\frame_stage_notify\frame_stage_notify.h">
      <Filter>Header Files</Filter>
    </ClInclude>
    <ClInclude Include="hacks\gui\anims\effects.h">
      <Filter>Header Files</Filter>
    </ClInclude>
    <ClInclude Include="hacks\gui\groupbox\groupbox.h">
      <Filter>Header Files</Filter>
    </ClInclude>
    <ClInclude Include="hacks\features\visuals\visuals.h">
      <Filter>Header Files</Filter>
    </ClInclude>
    <ClInclude Include="game\sdk\classes\i_collideable.h">
      <Filter>Header Files</Filter>
    </ClInclude>
    <ClInclude Include="game\sdk\classes\i_localize.h">
      <Filter>Header Files</Filter>
    </ClInclude>
    <ClInclude Include="globals\hooks\anim_fix\anim_fix.h">
      <Filter>Header Files</Filter>
    </ClInclude>
    <ClInclude Include="utils\particle_system\particle_system.h">
      <Filter>Header Files</Filter>
    </ClInclude>
    <ClInclude Include="game\sdk\classes\c_effect.h">
      <Filter>Header Files</Filter>
    </ClInclude>
    <ClInclude Include="globals\hooks\draw_model_execute\draw_model_execute.h">
      <Filter>Header Files</Filter>
    </ClInclude>
    <ClInclude Include="game\sdk\classes\iv_model_render.h">
      <Filter>Header Files</Filter>
    </ClInclude>
    <ClInclude Include="game\sdk\structs\model_render_info.h">
      <Filter>Header Files</Filter>
    </ClInclude>
  </ItemGroup>
  <ItemGroup>
    <None Include="utils\math\math.inl">
      <Filter>Header Files</Filter>
    </None>
    <None Include="utils\console\console.inl">
      <Filter>Header Files</Filter>
    </None>
    <None Include="hacks\gui\cfg\cfg.inl">
      <Filter>Header Files</Filter>
    </None>
    <None Include="utils\renderer\renderer.inl">
      <Filter>Header Files</Filter>
    </None>
    <None Include="utils\modules\modules.inl">
      <Filter>Header Files</Filter>
    </None>
  </ItemGroup>
</Project>